
Microsoft Visual Studio Solution File, Format Version 12.00
# Visual Studio Version 16
VisualStudioVersion = 16.0.31313.79
MinimumVisualStudioVersion = 10.0.40219.1
Project("{FAE04EC0-301F-11D3-BF4B-00C04F79EFBC}") = "d04_ex00", "d04_ex00\d04_ex00.csproj", "{C290A40A-5E23-4FAD-897B-883151A0B760}"
EndProject
Project("{FAE04EC0-301F-11D3-BF4B-00C04F79EFBC}") = "d04_ex01", "d04_ex01\d04_ex01.csproj", "{27840F69-07C6-4A1C-8978-91D3F47753D7}"
EndProject
Project("{FAE04EC0-301F-11D3-BF4B-00C04F79EFBC}") = "d04_ex02", "d04_ex02\d04_ex02.csproj", "{94899DCB-094F-446C-B5A6-930B1B187748}"
EndProject
Project("{FAE04EC0-301F-11D3-BF4B-00C04F79EFBC}") = "d04_ex03", "d04_ex03\d04_ex03.csproj", "{6241C3DD-E552-48BA-929F-076FF029EF1B}"
EndProject
Global
	GlobalSection(SolutionConfigurationPlatforms) = preSolution
		Debug|Any CPU = Debug|Any CPU
		Release|Any CPU = Release|Any CPU
	EndGlobalSection
	GlobalSection(ProjectConfigurationPlatforms) = postSolution
		{C290A40A-5E23-4FAD-897B-883151A0B760}.Debug|Any CPU.ActiveCfg = Debug|Any CPU
		{C290A40A-5E23-4FAD-897B-883151A0B760}.Debug|Any CPU.Build.0 = Debug|Any CPU
		{C290A40A-5E23-4FAD-897B-883151A0B760}.Release|Any CPU.ActiveCfg = Release|Any CPU
		{C290A40A-5E23-4FAD-897B-883151A0B760}.Release|Any CPU.Build.0 = Release|Any CPU
		{27840F69-07C6-4A1C-8978-91D3F47753D7}.Debug|Any CPU.ActiveCfg = Debug|Any CPU
		{27840F69-07C6-4A1C-8978-91D3F47753D7}.Debug|Any CPU.Build.0 = Debug|Any CPU
		{27840F69-07C6-4A1C-8978-91D3F47753D7}.Release|Any CPU.ActiveCfg = Release|Any CPU
		{27840F69-07C6-4A1C-8978-91D3F47753D7}.Release|Any CPU.Build.0 = Release|Any CPU
		{94899DCB-094F-446C-B5A6-930B1B187748}.Debug|Any CPU.ActiveCfg = Debug|Any CPU
		{94899DCB-094F-446C-B5A6-930B1B187748}.Debug|Any CPU.Build.0 = Debug|Any CPU
		{94899DCB-094F-446C-B5A6-930B1B187748}.Release|Any CPU.ActiveCfg = Release|Any CPU
		{94899DCB-094F-446C-B5A6-930B1B187748}.Release|Any CPU.Build.0 = Release|Any CPU
		{6241C3DD-E552-48BA-929F-076FF029EF1B}.Debug|Any CPU.ActiveCfg = Debug|Any CPU
		{6241C3DD-E552-48BA-929F-076FF029EF1B}.Debug|Any CPU.Build.0 = Debug|Any CPU
		{6241C3DD-E552-48BA-929F-076FF029EF1B}.Release|Any CPU.ActiveCfg = Release|Any CPU
		{6241C3DD-E552-48BA-929F-076FF029EF1B}.Release|Any CPU.Build.0 = Release|Any CPU
	EndGlobalSection
	GlobalSection(SolutionProperties) = preSolution
		HideSolutionNode = FALSE
	EndGlobalSection
	GlobalSection(ExtensibilityGlobals) = postSolution
		SolutionGuid = {48BAD948-76B4-477E-A6E7-8B8059C1876C}
	EndGlobalSection
EndGlobal
